// !$*UTF8*$!
{
	archiveVersion = 1;
	classes = {
	};
	objectVersion = 50;
	objects = {

/* Begin PBXBuildFile section */
		FE720B092435B7F200ADA97F /* AppDelegate.swift in Sources */ = {isa = PBXBuildFile; fileRef = FE720B082435B7F200ADA97F /* AppDelegate.swift */; };
		FE720B0B2435B7F200ADA97F /* SceneDelegate.swift in Sources */ = {isa = PBXBuildFile; fileRef = FE720B0A2435B7F200ADA97F /* SceneDelegate.swift */; };
		FE720B0E2435B7F200ADA97F /* CoreDataDemo.xcdatamodeld in Sources */ = {isa = PBXBuildFile; fileRef = FE720B0C2435B7F200ADA97F /* CoreDataDemo.xcdatamodeld */; };
		FE720B102435B7F200ADA97F /* ContentView.swift in Sources */ = {isa = PBXBuildFile; fileRef = FE720B0F2435B7F200ADA97F /* ContentView.swift */; };
		FE720B122435B7F600ADA97F /* Assets.xcassets in Resources */ = {isa = PBXBuildFile; fileRef = FE720B112435B7F600ADA97F /* Assets.xcassets */; };
		FE720B152435B7F600ADA97F /* Preview Assets.xcassets in Resources */ = {isa = PBXBuildFile; fileRef = FE720B142435B7F600ADA97F /* Preview Assets.xcassets */; };
		FE720B182435B7F600ADA97F /* LaunchScreen.storyboard in Resources */ = {isa = PBXBuildFile; fileRef = FE720B162435B7F600ADA97F /* LaunchScreen.storyboard */; };
		FE720B232435B7F600ADA97F /* CoreDataDemoTests.swift in Sources */ = {isa = PBXBuildFile; fileRef = FE720B222435B7F600ADA97F /* CoreDataDemoTests.swift */; };
		FE720B2E2435B7F600ADA97F /* CoreDataDemoUITests.swift in Sources */ = {isa = PBXBuildFile; fileRef = FE720B2D2435B7F600ADA97F /* CoreDataDemoUITests.swift */; };
/* End PBXBuildFile section */

/* Begin PBXContainerItemProxy section */
		FE720B1F2435B7F600ADA97F /* PBXContainerItemProxy */ = {
			isa = PBXContainerItemProxy;
			containerPortal = FE720AFD2435B7F200ADA97F /* Project object */;
			proxyType = 1;
			remoteGlobalIDString = FE720B042435B7F200ADA97F;
			remoteInfo = CoreDataDemo;
		};
		FE720B2A2435B7F600ADA97F /* PBXContainerItemProxy */ = {
			isa = PBXContainerItemProxy;
			containerPortal = FE720AFD2435B7F200ADA97F /* Project object */;
			proxyType = 1;
			remoteGlobalIDString = FE720B042435B7F200ADA97F;
			remoteInfo = CoreDataDemo;
		};
/* End PBXContainerItemProxy section */

/* Begin PBXFileReference section */
		FE720B052435B7F200ADA97F /* CoreDataDemo.app */ = {isa = PBXFileReference; explicitFileType = wrapper.application; includeInIndex = 0; path = CoreDataDemo.app; sourceTree = BUILT_PRODUCTS_DIR; };
		FE720B082435B7F200ADA97F /* AppDelegate.swift */ = {isa = PBXFileReference; lastKnownFileType = sourcecode.swift; path = AppDelegate.swift; sourceTree = "<group>"; };
		FE720B0A2435B7F200ADA97F /* SceneDelegate.swift */ = {isa = PBXFileReference; lastKnownFileType = sourcecode.swift; path = SceneDelegate.swift; sourceTree = "<group>"; };
		FE720B0D2435B7F200ADA97F /* CoreDataDemo.xcdatamodel */ = {isa = PBXFileReference; lastKnownFileType = wrapper.xcdatamodel; path = CoreDataDemo.xcdatamodel; sourceTree = "<group>"; };
		FE720B0F2435B7F200ADA97F /* ContentView.swift */ = {isa = PBXFileReference; lastKnownFileType = sourcecode.swift; path = ContentView.swift; sourceTree = "<group>"; };
		FE720B112435B7F600ADA97F /* Assets.xcassets */ = {isa = PBXFileReference; lastKnownFileType = folder.assetcatalog; path = Assets.xcassets; sourceTree = "<group>"; };
		FE720B142435B7F600ADA97F /* Preview Assets.xcassets */ = {isa = PBXFileReference; lastKnownFileType = folder.assetcatalog; path = "Preview Assets.xcassets"; sourceTree = "<group>"; };
		FE720B172435B7F600ADA97F /* Base */ = {isa = PBXFileReference; lastKnownFileType = file.storyboard; name = Base; path = Base.lproj/LaunchScreen.storyboard; sourceTree = "<group>"; };
		FE720B192435B7F600ADA97F /* Info.plist */ = {isa = PBXFileReference; lastKnownFileType = text.plist.xml; path = Info.plist; sourceTree = "<group>"; };
		FE720B1E2435B7F600ADA97F /* CoreDataDemoTests.xctest */ = {isa = PBXFileReference; explicitFileType = wrapper.cfbundle; includeInIndex = 0; path = CoreDataDemoTests.xctest; sourceTree = BUILT_PRODUCTS_DIR; };
		FE720B222435B7F600ADA97F /* CoreDataDemoTests.swift */ = {isa = PBXFileReference; lastKnownFileType = sourcecode.swift; path = CoreDataDemoTests.swift; sourceTree = "<group>"; };
		FE720B242435B7F600ADA97F /* Info.plist */ = {isa = PBXFileReference; lastKnownFileType = text.plist.xml; path = Info.plist; sourceTree = "<group>"; };
		FE720B292435B7F600ADA97F /* CoreDataDemoUITests.xctest */ = {isa = PBXFileReference; explicitFileType = wrapper.cfbundle; includeInIndex = 0; path = CoreDataDemoUITests.xctest; sourceTree = BUILT_PRODUCTS_DIR; };
		FE720B2D2435B7F600ADA97F /* CoreDataDemoUITests.swift */ = {isa = PBXFileReference; lastKnownFileType = sourcecode.swift; path = CoreDataDemoUITests.swift; sourceTree = "<group>"; };
		FE720B2F2435B7F600ADA97F /* Info.plist */ = {isa = PBXFileReference; lastKnownFileType = text.plist.xml; path = Info.plist; sourceTree = "<group>"; };
/* End PBXFileReference section */

/* Begin PBXFrameworksBuildPhase section */
		FE720B022435B7F200ADA97F /* Frameworks */ = {
			isa = PBXFrameworksBuildPhase;
			buildActionMask = 2147483647;
			files = (
			);
			runOnlyForDeploymentPostprocessing = 0;
		};
		FE720B1B2435B7F600ADA97F /* Frameworks */ = {
			isa = PBXFrameworksBuildPhase;
			buildActionMask = 2147483647;
			files = (
			);
			runOnlyForDeploymentPostprocessing = 0;
		};
		FE720B262435B7F600ADA97F /* Frameworks */ = {
			isa = PBXFrameworksBuildPhase;
			buildActionMask = 2147483647;
			files = (
			);
			runOnlyForDeploymentPostprocessing = 0;
		};
/* End PBXFrameworksBuildPhase section */

/* Begin PBXGroup section */
		FE720AFC2435B7F200ADA97F = {
			isa = PBXGroup;
			children = (
				FE720B072435B7F200ADA97F /* CoreDataDemo */,
				FE720B212435B7F600ADA97F /* CoreDataDemoTests */,
				FE720B2C2435B7F600ADA97F /* CoreDataDemoUITests */,
				FE720B062435B7F200ADA97F /* Products */,
			);
			sourceTree = "<group>";
		};
		FE720B062435B7F200ADA97F /* Products */ = {
			isa = PBXGroup;
			children = (
				FE720B052435B7F200ADA97F /* CoreDataDemo.app */,
				FE720B1E2435B7F600ADA97F /* CoreDataDemoTests.xctest */,
				FE720B292435B7F600ADA97F /* CoreDataDemoUITests.xctest */,
			);
			name = Products;
			sourceTree = "<group>";
		};
		FE720B072435B7F200ADA97F /* CoreDataDemo */ = {
			isa = PBXGroup;
			children = (
				FE720B082435B7F200ADA97F /* AppDelegate.swift */,
				FE720B0A2435B7F200ADA97F /* SceneDelegate.swift */,
				FE720B0F2435B7F200ADA97F /* ContentView.swift */,
				FE720B112435B7F600ADA97F /* Assets.xcassets */,
				FE720B162435B7F600ADA97F /* LaunchScreen.storyboard */,
				FE720B192435B7F600ADA97F /* Info.plist */,
				FE720B0C2435B7F200ADA97F /* CoreDataDemo.xcdatamodeld */,
				FE720B132435B7F600ADA97F /* Preview Content */,
			);
			path = CoreDataDemo;
			sourceTree = "<group>";
		};
		FE720B132435B7F600ADA97F /* Preview Content */ = {
			isa = PBXGroup;
			children = (
				FE720B142435B7F600ADA97F /* Preview Assets.xcassets */,
			);
			path = "Preview Content";
			sourceTree = "<group>";
		};
		FE720B212435B7F600ADA97F /* CoreDataDemoTests */ = {
			isa = PBXGroup;
			children = (
				FE720B222435B7F600ADA97F /* CoreDataDemoTests.swift */,
				FE720B242435B7F600ADA97F /* Info.plist */,
			);
			path = CoreDataDemoTests;
			sourceTree = "<group>";
		};
		FE720B2C2435B7F600ADA97F /* CoreDataDemoUITests */ = {
			isa = PBXGroup;
			children = (
				FE720B2D2435B7F600ADA97F /* CoreDataDemoUITests.swift */,
				FE720B2F2435B7F600ADA97F /* Info.plist */,
			);
			path = CoreDataDemoUITests;
			sourceTree = "<group>";
		};
/* End PBXGroup section */

/* Begin PBXNativeTarget section */
		FE720B042435B7F200ADA97F /* CoreDataDemo */ = {
			isa = PBXNativeTarget;
			buildConfigurationList = FE720B322435B7F600ADA97F /* Build configuration list for PBXNativeTarget "CoreDataDemo" */;
			buildPhases = (
				FE720B012435B7F200ADA97F /* Sources */,
				FE720B022435B7F200ADA97F /* Frameworks */,
				FE720B032435B7F200ADA97F /* Resources */,
			);
			buildRules = (
			);
			dependencies = (
			);
			name = CoreDataDemo;
			productName = CoreDataDemo;
			productReference = FE720B052435B7F200ADA97F /* CoreDataDemo.app */;
			productType = "com.apple.product-type.application";
		};
		FE720B1D2435B7F600ADA97F /* CoreDataDemoTests */ = {
			isa = PBXNativeTarget;
			buildConfigurationList = FE720B352435B7F600ADA97F /* Build configuration list for PBXNativeTarget "CoreDataDemoTests" */;
			buildPhases = (
				FE720B1A2435B7F600ADA97F /* Sources */,
				FE720B1B2435B7F600ADA97F /* Frameworks */,
				FE720B1C2435B7F600ADA97F /* Resources */,
			);
			buildRules = (
			);
			dependencies = (
				FE720B202435B7F600ADA97F /* PBXTargetDependency */,
			);
			name = CoreDataDemoTests;
			productName = CoreDataDemoTests;
			productReference = FE720B1E2435B7F600ADA97F /* CoreDataDemoTests.xctest */;
			productType = "com.apple.product-type.bundle.unit-test";
		};
		FE720B282435B7F600ADA97F /* CoreDataDemoUITests */ = {
			isa = PBXNativeTarget;
			buildConfigurationList = FE720B382435B7F600ADA97F /* Build configuration list for PBXNativeTarget "CoreDataDemoUITests" */;
			buildPhases = (
				FE720B252435B7F600ADA97F /* Sources */,
				FE720B262435B7F600ADA97F /* Frameworks */,
				FE720B272435B7F600ADA97F /* Resources */,
			);
			buildRules = (
			);
			dependencies = (
				FE720B2B2435B7F600ADA97F /* PBXTargetDependency */,
			);
			name = CoreDataDemoUITests;
			productName = CoreDataDemoUITests;
			productReference = FE720B292435B7F600ADA97F /* CoreDataDemoUITests.xctest */;
			productType = "com.apple.product-type.bundle.ui-testing";
		};
/* End PBXNativeTarget section */

/* Begin PBXProject section */
		FE720AFD2435B7F200ADA97F /* Project object */ = {
			isa = PBXProject;
			attributes = {
				LastSwiftUpdateCheck = 1110;
				LastUpgradeCheck = 1110;
				ORGANIZATIONNAME = "Vaishnav C";
				TargetAttributes = {
					FE720B042435B7F200ADA97F = {
						CreatedOnToolsVersion = 11.1;
					};
					FE720B1D2435B7F600ADA97F = {
						CreatedOnToolsVersion = 11.1;
						TestTargetID = FE720B042435B7F200ADA97F;
					};
					FE720B282435B7F600ADA97F = {
						CreatedOnToolsVersion = 11.1;
						TestTargetID = FE720B042435B7F200ADA97F;
					};
				};
			};
			buildConfigurationList = FE720B002435B7F200ADA97F /* Build configuration list for PBXProject "CoreDataDemo" */;
			compatibilityVersion = "Xcode 9.3";
			developmentRegion = en;
			hasScannedForEncodings = 0;
			knownRegions = (
				en,
				Base,
			);
			mainGroup = FE720AFC2435B7F200ADA97F;
			productRefGroup = FE720B062435B7F200ADA97F /* Products */;
			projectDirPath = "";
			projectRoot = "";
			targets = (
				FE720B042435B7F200ADA97F /* CoreDataDemo */,
				FE720B1D2435B7F600ADA97F /* CoreDataDemoTests */,
				FE720B282435B7F600ADA97F /* CoreDataDemoUITests */,
			);
		};
/* End PBXProject section */

/* Begin PBXResourcesBuildPhase section */
		FE720B032435B7F200ADA97F /* Resources */ = {
			isa = PBXResourcesBuildPhase;
			buildActionMask = 2147483647;
			files = (
				FE720B182435B7F600ADA97F /* LaunchScreen.storyboard in Resources */,
				FE720B152435B7F600ADA97F /* Preview Assets.xcassets in Resources */,
				FE720B122435B7F600ADA97F /* Assets.xcassets in Resources */,
			);
			runOnlyForDeploymentPostprocessing = 0;
		};
		FE720B1C2435B7F600ADA97F /* Resources */ = {
			isa = PBXResourcesBuildPhase;
			buildActionMask = 2147483647;
			files = (
			);
			runOnlyForDeploymentPostprocessing = 0;
		};
		FE720B272435B7F600ADA97F /* Resources */ = {
			isa = PBXResourcesBuildPhase;
			buildActionMask = 2147483647;
			files = (
			);
			runOnlyForDeploymentPostprocessing = 0;
		};
/* End PBXResourcesBuildPhase section */

/* Begin PBXSourcesBuildPhase section */
		FE720B012435B7F200ADA97F /* Sources */ = {
			isa = PBXSourcesBuildPhase;
			buildActionMask = 2147483647;
			files = (
				FE720B092435B7F200ADA97F /* AppDelegate.swift in Sources */,
				FE720B0E2435B7F200ADA97F /* CoreDataDemo.xcdatamodeld in Sources */,
				FE720B102435B7F200ADA97F /* ContentView.swift in Sources */,
				FE720B0B2435B7F200ADA97F /* SceneDelegate.swift in Sources */,
			);
			runOnlyForDeploymentPostprocessing = 0;
		};
		FE720B1A2435B7F600ADA97F /* Sources */ = {
			isa = PBXSourcesBuildPhase;
			buildActionMask = 2147483647;
			files = (
				FE720B232435B7F600ADA97F /* CoreDataDemoTests.swift in Sources */,
			);
			runOnlyForDeploymentPostprocessing = 0;
		};
		FE720B252435B7F600ADA97F /* Sources */ = {
			isa = PBXSourcesBuildPhase;
			buildActionMask = 2147483647;
			files = (
				FE720B2E2435B7F600ADA97F /* CoreDataDemoUITests.swift in Sources */,
			);
			runOnlyForDeploymentPostprocessing = 0;
		};
/* End PBXSourcesBuildPhase section */

/* Begin PBXTargetDependency section */
		FE720B202435B7F600ADA97F /* PBXTargetDependency */ = {
			isa = PBXTargetDependency;
			target = FE720B042435B7F200ADA97F /* CoreDataDemo */;
			targetProxy = FE720B1F2435B7F600ADA97F /* PBXContainerItemProxy */;
		};
		FE720B2B2435B7F600ADA97F /* PBXTargetDependency */ = {
			isa = PBXTargetDependency;
			target = FE720B042435B7F200ADA97F /* CoreDataDemo */;
			targetProxy = FE720B2A2435B7F600ADA97F /* PBXContainerItemProxy */;
		};
/* End PBXTargetDependency section */

/* Begin PBXVariantGroup section */
		FE720B162435B7F600ADA97F /* LaunchScreen.storyboard */ = {
			isa = PBXVariantGroup;
			children = (
				FE720B172435B7F600ADA97F /* Base */,
			);
			name = LaunchScreen.storyboard;
			sourceTree = "<group>";
		};
/* End PBXVariantGroup section */

/* Begin XCBuildConfiguration section */
		FE720B302435B7F600ADA97F /* Debug */ = {
			isa = XCBuildConfiguration;
			buildSettings = {
				ALWAYS_SEARCH_USER_PATHS = NO;
				CLANG_ANALYZER_NONNULL = YES;
				CLANG_ANALYZER_NUMBER_OBJECT_CONVERSION = YES_AGGRESSIVE;
				CLANG_CXX_LANGUAGE_STANDARD = "gnu++14";
				CLANG_CXX_LIBRARY = "libc++";
				CLANG_ENABLE_MODULES = YES;
				CLANG_ENABLE_OBJC_ARC = YES;
				CLANG_ENABLE_OBJC_WEAK = YES;
				CLANG_WARN_BLOCK_CAPTURE_AUTORELEASING = YES;
				CLANG_WARN_BOOL_CONVERSION = YES;
				CLANG_WARN_COMMA = YES;
				CLANG_WARN_CONSTANT_CONVERSION = YES;
				CLANG_WARN_DEPRECATED_OBJC_IMPLEMENTATIONS = YES;
				CLANG_WARN_DIRECT_OBJC_ISA_USAGE = YES_ERROR;
				CLANG_WARN_DOCUMENTATION_COMMENTS = YES;
				CLANG_WARN_EMPTY_BODY = YES;
				CLANG_WARN_ENUM_CONVERSION = YES;
				CLANG_WARN_INFINITE_RECURSION = YES;
				CLANG_WARN_INT_CONVERSION = YES;
				CLANG_WARN_NON_LITERAL_NULL_CONVERSION = YES;
				CLANG_WARN_OBJC_IMPLICIT_RETAIN_SELF = YES;
				CLANG_WARN_OBJC_LITERAL_CONVERSION = YES;
				CLANG_WARN_OBJC_ROOT_CLASS = YES_ERROR;
				CLANG_WARN_RANGE_LOOP_ANALYSIS = YES;
				CLANG_WARN_STRICT_PROTOTYPES = YES;
				CLANG_WARN_SUSPICIOUS_MOVE = YES;
				CLANG_WARN_UNGUARDED_AVAILABILITY = YES_AGGRESSIVE;
				CLANG_WARN_UNREACHABLE_CODE = YES;
				CLANG_WARN__DUPLICATE_METHOD_MATCH = YES;
				COPY_PHASE_STRIP = NO;
				DEBUG_INFORMATION_FORMAT = dwarf;
				ENABLE_STRICT_OBJC_MSGSEND = YES;
				ENABLE_TESTABILITY = YES;
				GCC_C_LANGUAGE_STANDARD = gnu11;
				GCC_DYNAMIC_NO_PIC = NO;
				GCC_NO_COMMON_BLOCKS = YES;
				GCC_OPTIMIZATION_LEVEL = 0;
				GCC_PREPROCESSOR_DEFINITIONS = (
					"DEBUG=1",
					"$(inherited)",
				);
				GCC_WARN_64_TO_32_BIT_CONVERSION = YES;
				GCC_WARN_ABOUT_RETURN_TYPE = YES_ERROR;
				GCC_WARN_UNDECLARED_SELECTOR = YES;
				GCC_WARN_UNINITIALIZED_AUTOS = YES_AGGRESSIVE;
				GCC_WARN_UNUSED_FUNCTION = YES;
				GCC_WARN_UNUSED_VARIABLE = YES;
				IPHONEOS_DEPLOYMENT_TARGET = 13.1;
				MTL_ENABLE_DEBUG_INFO = INCLUDE_SOURCE;
				MTL_FAST_MATH = YES;
				ONLY_ACTIVE_ARCH = YES;
				SDKROOT = iphoneos;
				SWIFT_ACTIVE_COMPILATION_CONDITIONS = DEBUG;
				SWIFT_OPTIMIZATION_LEVEL = "-Onone";
			};
			name = Debug;
		};
		FE720B312435B7F600ADA97F /* Release */ = {
			isa = XCBuildConfiguration;
			buildSettings = {
				ALWAYS_SEARCH_USER_PATHS = NO;
				CLANG_ANALYZER_NONNULL = YES;
				CLANG_ANALYZER_NUMBER_OBJECT_CONVERSION = YES_AGGRESSIVE;
				CLANG_CXX_LANGUAGE_STANDARD = "gnu++14";
				CLANG_CXX_LIBRARY = "libc++";
				CLANG_ENABLE_MODULES = YES;
				CLANG_ENABLE_OBJC_ARC = YES;
				CLANG_ENABLE_OBJC_WEAK = YES;
				CLANG_WARN_BLOCK_CAPTURE_AUTORELEASING = YES;
				CLANG_WARN_BOOL_CONVERSION = YES;
				CLANG_WARN_COMMA = YES;
				CLANG_WARN_CONSTANT_CONVERSION = YES;
				CLANG_WARN_DEPRECATED_OBJC_IMPLEMENTATIONS = YES;
				CLANG_WARN_DIRECT_OBJC_ISA_USAGE = YES_ERROR;
				CLANG_WARN_DOCUMENTATION_COMMENTS = YES;
				CLANG_WARN_EMPTY_BODY = YES;
				CLANG_WARN_ENUM_CONVERSION = YES;
				CLANG_WARN_INFINITE_RECURSION = YES;
				CLANG_WARN_INT_CONVERSION = YES;
				CLANG_WARN_NON_LITERAL_NULL_CONVERSION = YES;
				CLANG_WARN_OBJC_IMPLICIT_RETAIN_SELF = YES;
				CLANG_WARN_OBJC_LITERAL_CONVERSION = YES;
				CLANG_WARN_OBJC_ROOT_CLASS = YES_ERROR;
				CLANG_WARN_RANGE_LOOP_ANALYSIS = YES;
				CLANG_WARN_STRICT_PROTOTYPES = YES;
				CLANG_WARN_SUSPICIOUS_MOVE = YES;
				CLANG_WARN_UNGUARDED_AVAILABILITY = YES_AGGRESSIVE;
				CLANG_WARN_UNREACHABLE_CODE = YES;
				CLANG_WARN__DUPLICATE_METHOD_MATCH = YES;
				COPY_PHASE_STRIP = NO;
				DEBUG_INFORMATION_FORMAT = "dwarf-with-dsym";
				ENABLE_NS_ASSERTIONS = NO;
				ENABLE_STRICT_OBJC_MSGSEND = YES;
				GCC_C_LANGUAGE_STANDARD = gnu11;
				GCC_NO_COMMON_BLOCKS = YES;
				GCC_WARN_64_TO_32_BIT_CONVERSION = YES;
				GCC_WARN_ABOUT_RETURN_TYPE = YES_ERROR;
				GCC_WARN_UNDECLARED_SELECTOR = YES;
				GCC_WARN_UNINITIALIZED_AUTOS = YES_AGGRESSIVE;
				GCC_WARN_UNUSED_FUNCTION = YES;
				GCC_WARN_UNUSED_VARIABLE = YES;
				IPHONEOS_DEPLOYMENT_TARGET = 13.1;
				MTL_ENABLE_DEBUG_INFO = NO;
				MTL_FAST_MATH = YES;
				SDKROOT = iphoneos;
				SWIFT_COMPILATION_MODE = wholemodule;
				SWIFT_OPTIMIZATION_LEVEL = "-O";
				VALIDATE_PRODUCT = YES;
			};
			name = Release;
		};
		FE720B332435B7F600ADA97F /* Debug */ = {
			isa = XCBuildConfiguration;
			buildSettings = {
				ASSETCATALOG_COMPILER_APPICON_NAME = AppIcon;
				CODE_SIGN_STYLE = Automatic;
				DEVELOPMENT_ASSET_PATHS = "\"CoreDataDemo/Preview Content\"";
				ENABLE_PREVIEWS = YES;
				INFOPLIST_FILE = CoreDataDemo/Info.plist;
				LD_RUNPATH_SEARCH_PATHS = (
					"$(inherited)",
					"@executable_path/Frameworks",
				);
				PRODUCT_BUNDLE_IDENTIFIER = com.vaishnav.CoreDataDemo;
				PRODUCT_NAME = "$(TARGET_NAME)";
				SWIFT_VERSION = 5.0;
				TARGETED_DEVICE_FAMILY = "1,2";
			};
			name = Debug;
		};
		FE720B342435B7F600ADA97F /* Release */ = {
			isa = XCBuildConfiguration;
			buildSettings = {
				ASSETCATALOG_COMPILER_APPICON_NAME = AppIcon;
				CODE_SIGN_STYLE = Automatic;
				DEVELOPMENT_ASSET_PATHS = "\"CoreDataDemo/Preview Content\"";
				ENABLE_PREVIEWS = YES;
				INFOPLIST_FILE = CoreDataDemo/Info.plist;
				LD_RUNPATH_SEARCH_PATHS = (
					"$(inherited)",
					"@executable_path/Frameworks",
				);
				PRODUCT_BUNDLE_IDENTIFIER = com.vaishnav.CoreDataDemo;
				PRODUCT_NAME = "$(TARGET_NAME)";
				SWIFT_VERSION = 5.0;
				TARGETED_DEVICE_FAMILY = "1,2";
			};
			name = Release;
		};
		FE720B362435B7F600ADA97F /* Debug */ = {
			isa = XCBuildConfiguration;
			buildSettings = {
				ALWAYS_EMBED_SWIFT_STANDARD_LIBRARIES = YES;
				BUNDLE_LOADER = "$(TEST_HOST)";
				CODE_SIGN_STYLE = Automatic;
				INFOPLIST_FILE = CoreDataDemoTests/Info.plist;
				IPHONEOS_DEPLOYMENT_TARGET = 13.1;
				LD_RUNPATH_SEARCH_PATHS = (
					"$(inherited)",
					"@executable_path/Frameworks",
					"@loader_path/Frameworks",
				);
				PRODUCT_BUNDLE_IDENTIFIER = com.vaishnav.CoreDataDemoTests;
				PRODUCT_NAME = "$(TARGET_NAME)";
				SWIFT_VERSION = 5.0;
				TARGETED_DEVICE_FAMILY = "1,2";
				TEST_HOST = "$(BUILT_PRODUCTS_DIR)/CoreDataDemo.app/CoreDataDemo";
			};
			name = Debug;
		};
		FE720B372435B7F600ADA97F /* Release */ = {
			isa = XCBuildConfiguration;
			buildSettings = {
				ALWAYS_EMBED_SWIFT_STANDARD_LIBRARIES = YES;
				BUNDLE_LOADER = "$(TEST_HOST)";
				CODE_SIGN_STYLE = Automatic;
				INFOPLIST_FILE = CoreDataDemoTests/Info.plist;
				IPHONEOS_DEPLOYMENT_TARGET = 13.1;
				LD_RUNPATH_SEARCH_PATHS = (
					"$(inherited)",
					"@executable_path/Frameworks",
					"@loader_path/Frameworks",
				);
				PRODUCT_BUNDLE_IDENTIFIER = com.vaishnav.CoreDataDemoTests;
				PRODUCT_NAME = "$(TARGET_NAME)";
				SWIFT_VERSION = 5.0;
				TARGETED_DEVICE_FAMILY = "1,2";
				TEST_HOST = "$(BUILT_PRODUCTS_DIR)/CoreDataDemo.app/CoreDataDemo";
			};
			name = Release;
		};
		FE720B392435B7F600ADA97F /* Debug */ = {
			isa = XCBuildConfiguration;
			buildSettings = {
				ALWAYS_EMBED_SWIFT_STANDARD_LIBRARIES = YES;
				CODE_SIGN_STYLE = Automatic;
				INFOPLIST_FILE = CoreDataDemoUITests/Info.plist;
				LD_RUNPATH_SEARCH_PATHS = (
					"$(inherited)",
					"@executable_path/Frameworks",
					"@loader_path/Frameworks",
				);
				PRODUCT_BUNDLE_IDENTIFIER = com.vaishnav.CoreDataDemoUITests;
				PRODUCT_NAME = "$(TARGET_NAME)";
				SWIFT_VERSION = 5.0;
				TARGETED_DEVICE_FAMILY = "1,2";
				TEST_TARGET_NAME = CoreDataDemo;
			};
			name = Debug;
		};
		FE720B3A2435B7F600ADA97F /* Release */ = {
			isa = XCBuildConfiguration;
			buildSettings = {
				ALWAYS_EMBED_SWIFT_STANDARD_LIBRARIES = YES;
				CODE_SIGN_STYLE = Automatic;
				INFOPLIST_FILE = CoreDataDemoUITests/Info.plist;
				LD_RUNPATH_SEARCH_PATHS = (
					"$(inherited)",
					"@executable_path/Frameworks",
					"@loader_path/Frameworks",
				);
				PRODUCT_BUNDLE_IDENTIFIER = com.vaishnav.CoreDataDemoUITests;
				PRODUCT_NAME = "$(TARGET_NAME)";
				SWIFT_VERSION = 5.0;
				TARGETED_DEVICE_FAMILY = "1,2";
				TEST_TARGET_NAME = CoreDataDemo;
			};
			name = Release;
		};
/* End XCBuildConfiguration section */

/* Begin XCConfigurationList section */
		FE720B002435B7F200ADA97F /* Build configuration list for PBXProject "CoreDataDemo" */ = {
			isa = XCConfigurationList;
			buildConfigurations = (
				FE720B302435B7F600ADA97F /* Debug */,
				FE720B312435B7F600ADA97F /* Release */,
			);
			defaultConfigurationIsVisible = 0;
			defaultConfigurationName = Release;
		};
		FE720B322435B7F600ADA97F /* Build configuration list for PBXNativeTarget "CoreDataDemo" */ = {
			isa = XCConfigurationList;
			buildConfigurations = (
				FE720B332435B7F600ADA97F /* Debug */,
				FE720B342435B7F600ADA97F /* Release */,
			);
			defaultConfigurationIsVisible = 0;
			defaultConfigurationName = Release;
		};
		FE720B352435B7F600ADA97F /* Build configuration list for PBXNativeTarget "CoreDataDemoTests" */ = {
			isa = XCConfigurationList;
			buildConfigurations = (
				FE720B362435B7F600ADA97F /* Debug */,
				FE720B372435B7F600ADA97F /* Release */,
			);
			defaultConfigurationIsVisible = 0;
			defaultConfigurationName = Release;
		};
		FE720B382435B7F600ADA97F /* Build configuration list for PBXNativeTarget "CoreDataDemoUITests" */ = {
			isa = XCConfigurationList;
			buildConfigurations = (
				FE720B392435B7F600ADA97F /* Debug */,
				FE720B3A2435B7F600ADA97F /* Release */,
			);
			defaultConfigurationIsVisible = 0;
			defaultConfigurationName = Release;
		};
/* End XCConfigurationList section */

/* Begin XCVersionGroup section */
		FE720B0C2435B7F200ADA97F /* CoreDataDemo.xcdatamodeld */ = {
			isa = XCVersionGroup;
			children = (
				FE720B0D2435B7F200ADA97F /* CoreDataDemo.xcdatamodel */,
			);
			currentVersion = FE720B0D2435B7F200ADA97F /* CoreDataDemo.xcdatamodel */;
			path = CoreDataDemo.xcdatamodeld;
			sourceTree = "<group>";
			versionGroupType = wrapper.xcdatamodel;
		};
/* End XCVersionGroup section */
	};
	rootObject = FE720AFD2435B7F200ADA97F /* Project object */;
}
